
Microsoft Visual Studio Solution File, Format Version 12.00
# Visual Studio Version 16
VisualStudioVersion = 16.0.31624.102
MinimumVisualStudioVersion = 10.0.40219.1
Project("{9A19103F-16F7-4668-BE54-9A1E7A4F7556}") = "GestioneRubrica", "GestioneRubrica\GestioneRubrica.csproj", "{0EC5A2FA-AA89-4F51-9EF2-33CD857DF570}"
EndProject
Project("{9A19103F-16F7-4668-BE54-9A1E7A4F7556}") = "GestioneRubrica.Core", "GestioneRubrica.Core\GestioneRubrica.Core.csproj", "{96AD1C62-E604-42DD-81B8-4F913F9213F6}"
EndProject
Project("{9A19103F-16F7-4668-BE54-9A1E7A4F7556}") = "GestioneRubrica.RepositoryMock", "GestioneRubrica.RepositoryMock\GestioneRubrica.RepositoryMock.csproj", "{2808E3CD-53F7-4DA0-918B-8BAE24959959}"
EndProject
Project("{9A19103F-16F7-4668-BE54-9A1E7A4F7556}") = "GestioneRubrica.RepositoryEF", "GestioneRubrica.RepositoryEF\GestioneRubrica.RepositoryEF.csproj", "{1CB4E2AB-F1CF-4EFE-B15E-3A324F0A0F74}"
EndProject
Project("{FAE04EC0-301F-11D3-BF4B-00C04F79EFBC}") = "GestioneRubrica.Test", "GestioneRubrica.Test\GestioneRubrica.Test.csproj", "{3B4A6978-8ACC-47ED-ADD1-88A5EE2F68D0}"
EndProject
Global
	GlobalSection(SolutionConfigurationPlatforms) = preSolution
		Debug|Any CPU = Debug|Any CPU
		Release|Any CPU = Release|Any CPU
	EndGlobalSection
	GlobalSection(ProjectConfigurationPlatforms) = postSolution
		{0EC5A2FA-AA89-4F51-9EF2-33CD857DF570}.Debug|Any CPU.ActiveCfg = Debug|Any CPU
		{0EC5A2FA-AA89-4F51-9EF2-33CD857DF570}.Debug|Any CPU.Build.0 = Debug|Any CPU
		{0EC5A2FA-AA89-4F51-9EF2-33CD857DF570}.Release|Any CPU.ActiveCfg = Release|Any CPU
		{0EC5A2FA-AA89-4F51-9EF2-33CD857DF570}.Release|Any CPU.Build.0 = Release|Any CPU
		{96AD1C62-E604-42DD-81B8-4F913F9213F6}.Debug|Any CPU.ActiveCfg = Debug|Any CPU
		{96AD1C62-E604-42DD-81B8-4F913F9213F6}.Debug|Any CPU.Build.0 = Debug|Any CPU
		{96AD1C62-E604-42DD-81B8-4F913F9213F6}.Release|Any CPU.ActiveCfg = Release|Any CPU
		{96AD1C62-E604-42DD-81B8-4F913F9213F6}.Release|Any CPU.Build.0 = Release|Any CPU
		{2808E3CD-53F7-4DA0-918B-8BAE24959959}.Debug|Any CPU.ActiveCfg = Debug|Any CPU
		{2808E3CD-53F7-4DA0-918B-8BAE24959959}.Debug|Any CPU.Build.0 = Debug|Any CPU
		{2808E3CD-53F7-4DA0-918B-8BAE24959959}.Release|Any CPU.ActiveCfg = Release|Any CPU
		{2808E3CD-53F7-4DA0-918B-8BAE24959959}.Release|Any CPU.Build.0 = Release|Any CPU
		{1CB4E2AB-F1CF-4EFE-B15E-3A324F0A0F74}.Debug|Any CPU.ActiveCfg = Debug|Any CPU
		{1CB4E2AB-F1CF-4EFE-B15E-3A324F0A0F74}.Debug|Any CPU.Build.0 = Debug|Any CPU
		{1CB4E2AB-F1CF-4EFE-B15E-3A324F0A0F74}.Release|Any CPU.ActiveCfg = Release|Any CPU
		{1CB4E2AB-F1CF-4EFE-B15E-3A324F0A0F74}.Release|Any CPU.Build.0 = Release|Any CPU
		{3B4A6978-8ACC-47ED-ADD1-88A5EE2F68D0}.Debug|Any CPU.ActiveCfg = Debug|Any CPU
		{3B4A6978-8ACC-47ED-ADD1-88A5EE2F68D0}.Debug|Any CPU.Build.0 = Debug|Any CPU
		{3B4A6978-8ACC-47ED-ADD1-88A5EE2F68D0}.Release|Any CPU.ActiveCfg = Release|Any CPU
		{3B4A6978-8ACC-47ED-ADD1-88A5EE2F68D0}.Release|Any CPU.Build.0 = Release|Any CPU
	EndGlobalSection
	GlobalSection(SolutionProperties) = preSolution
		HideSolutionNode = FALSE
	EndGlobalSection
	GlobalSection(ExtensibilityGlobals) = postSolution
		SolutionGuid = {2487EDA4-685F-44DA-8CEF-FFBE188CE573}
	EndGlobalSection
EndGlobal
